# THIS IS AN AUTOGENERATED FILE. DO NOT EDIT THIS FILE DIRECTLY.
# yarn lockfile v1


xmlbuilder@^13.0.2:
  version "13.0.2"
  resolved "https://registry.yarnpkg.com/xmlbuilder/-/xmlbuilder-13.0.2.tgz#02ae33614b6a047d1c32b5389c1fdacb2bce47a7"
  integrity sha512-Eux0i2QdDYKbdbA6AM6xE4m6ZTZr4G4xF9kahI2ukSEMCzwce2eX9WlTI5J3s+NU7hpasFsr8hWIONae7LluAQ==
